
Microsoft Visual Studio Solution File, Format Version 12.00
# Visual Studio 15
VisualStudioVersion = 15.0.27130.2024
MinimumVisualStudioVersion = 10.0.40219.1
Project("{9A19103F-16F7-4668-BE54-9A1E7A4F7556}") = "DungeonsAndCodeWizards", "DungeonsAndCodeWizards.csproj", "{95C34BC6-CDD0-47EF-834E-1AC62C39D35C}"
EndProject
Global
	GlobalSection(SolutionConfigurationPlatforms) = preSolution
		Debug|Any CPU = Debug|Any CPU
		Release|Any CPU = Release|Any CPU
	EndGlobalSection
	GlobalSection(ProjectConfigurationPlatforms) = postSolution
		{95C34BC6-CDD0-47EF-834E-1AC62C39D35C}.Debug|Any CPU.ActiveCfg = Debug|Any CPU
		{95C34BC6-CDD0-47EF-834E-1AC62C39D35C}.Debug|Any CPU.Build.0 = Debug|Any CPU
		{95C34BC6-CDD0-47EF-834E-1AC62C39D35C}.Release|Any CPU.ActiveCfg = Release|Any CPU
		{95C34BC6-CDD0-47EF-834E-1AC62C39D35C}.Release|Any CPU.Build.0 = Release|Any CPU
	EndGlobalSection
	GlobalSection(SolutionProperties) = preSolution
		HideSolutionNode = FALSE
	EndGlobalSection
	GlobalSection(ExtensibilityGlobals) = postSolution
		SolutionGuid = {7C3DADDF-E31C-46A6-B4E6-596B60B35820}
	EndGlobalSection
EndGlobal
